
Microsoft Visual Studio Solution File, Format Version 12.00
# Visual Studio 15
VisualStudioVersion = 15.0.28010.2003
MinimumVisualStudioVersion = 10.0.40219.1
Project("{FAE04EC0-301F-11D3-BF4B-00C04F79EFBC}") = "Parcial1Programacion", "Parcial1Programacion\Parcial1Programacion.csproj", "{43751260-8AB6-4937-8EDF-776627291403}"
EndProject
Global
	GlobalSection(SolutionConfigurationPlatforms) = preSolution
		Debug|Any CPU = Debug|Any CPU
		Release|Any CPU = Release|Any CPU
	EndGlobalSection
	GlobalSection(ProjectConfigurationPlatforms) = postSolution
		{43751260-8AB6-4937-8EDF-776627291403}.Debug|Any CPU.ActiveCfg = Debug|Any CPU
		{43751260-8AB6-4937-8EDF-776627291403}.Debug|Any CPU.Build.0 = Debug|Any CPU
		{43751260-8AB6-4937-8EDF-776627291403}.Release|Any CPU.ActiveCfg = Release|Any CPU
		{43751260-8AB6-4937-8EDF-776627291403}.Release|Any CPU.Build.0 = Release|Any CPU
	EndGlobalSection
	GlobalSection(SolutionProperties) = preSolution
		HideSolutionNode = FALSE
	EndGlobalSection
	GlobalSection(ExtensibilityGlobals) = postSolution
		SolutionGuid = {F7149DCE-AC69-4A9A-9684-32208C06C5A5}
	EndGlobalSection
EndGlobal
